
Microsoft Visual Studio Solution File, Format Version 12.00
# Visual Studio 15
VisualStudioVersion = 15.0.28307.421
MinimumVisualStudioVersion = 10.0.40219.1
Project("{FAE04EC0-301F-11D3-BF4B-00C04F79EFBC}") = "file input", "file input\file input.csproj", "{ABC55278-3868-42D2-99EB-CD5211EEF0DA}"
EndProject
Global
	GlobalSection(SolutionConfigurationPlatforms) = preSolution
		Debug|Any CPU = Debug|Any CPU
		Release|Any CPU = Release|Any CPU
	EndGlobalSection
	GlobalSection(ProjectConfigurationPlatforms) = postSolution
		{ABC55278-3868-42D2-99EB-CD5211EEF0DA}.Debug|Any CPU.ActiveCfg = Debug|Any CPU
		{ABC55278-3868-42D2-99EB-CD5211EEF0DA}.Debug|Any CPU.Build.0 = Debug|Any CPU
		{ABC55278-3868-42D2-99EB-CD5211EEF0DA}.Release|Any CPU.ActiveCfg = Release|Any CPU
		{ABC55278-3868-42D2-99EB-CD5211EEF0DA}.Release|Any CPU.Build.0 = Release|Any CPU
	EndGlobalSection
	GlobalSection(SolutionProperties) = preSolution
		HideSolutionNode = FALSE
	EndGlobalSection
	GlobalSection(ExtensibilityGlobals) = postSolution
		SolutionGuid = {0A158182-8887-4327-9EDE-FC790FBF941E}
	EndGlobalSection
EndGlobal
